{
  "name": "cr7-php",
  "version": "1.0.0",
  "lockfileVersion": 1,
  "requires": true,
  "dependencies": {
    "intro-ts": {
      "version": "1.3.19",
      "resolved": "https://registry.npmjs.org/intro-ts/-/intro-ts-1.3.19.tgz",
      "integrity": "sha512-hMBq2BKGMf9Cjylwox9DnG3fgt5dqAutt/NMBF1NsWVJ7uAoWiYDAiKqQS0uO+Qi228rRZ2w6CDVHX0pDMm6Zw=="
    }
  }
}
